
Microsoft Visual Studio Solution File, Format Version 12.00
# Visual Studio 15
VisualStudioVersion = 15.0.27703.2042
MinimumVisualStudioVersion = 10.0.40219.1
Project("{FAE04EC0-301F-11D3-BF4B-00C04F79EFBC}") = "Solid", "Solid\Solid.csproj", "{0763B925-ECFB-437E-8BC2-5CBA79F34F0B}"
EndProject
Global
	GlobalSection(SolutionConfigurationPlatforms) = preSolution
		Debug|Any CPU = Debug|Any CPU
		Release|Any CPU = Release|Any CPU
	EndGlobalSection
	GlobalSection(ProjectConfigurationPlatforms) = postSolution
		{0763B925-ECFB-437E-8BC2-5CBA79F34F0B}.Debug|Any CPU.ActiveCfg = Debug|Any CPU
		{0763B925-ECFB-437E-8BC2-5CBA79F34F0B}.Debug|Any CPU.Build.0 = Debug|Any CPU
		{0763B925-ECFB-437E-8BC2-5CBA79F34F0B}.Release|Any CPU.ActiveCfg = Release|Any CPU
		{0763B925-ECFB-437E-8BC2-5CBA79F34F0B}.Release|Any CPU.Build.0 = Release|Any CPU
	EndGlobalSection
	GlobalSection(SolutionProperties) = preSolution
		HideSolutionNode = FALSE
	EndGlobalSection
	GlobalSection(ExtensibilityGlobals) = postSolution
		SolutionGuid = {110047EE-A540-4386-95E3-55D99AC59011}
	EndGlobalSection
EndGlobal
